Microsoft Visual Studio Solution File, Format Version 11.00
# Visual Studio 2008

Project("{CC0E3BCA-DB14-ADF7-B777-5C9F14F28004}") = "survival game", "Assembly-CSharp-firstpass.csproj", "{92E5377D-ECE3-0FF3-7592-25B7789CAA00}"
EndProject
Project("{CC0E3BCA-DB14-ADF7-B777-5C9F14F28004}") = "survival game", "Assembly-UnityScript-firstpass.unityproj", "{70650539-DE42-15D6-5929-9C1906575F11}"
EndProject
Project("{CC0E3BCA-DB14-ADF7-B777-5C9F14F28004}") = "survival game", "Assembly-UnityScript.unityproj", "{FD3B6A05-27FA-9424-CAC0-21A5538045B2}"
EndProject
Global
	GlobalSection(SolutionConfigurationPlatforms) = preSolution
		Debug|Any CPU = Debug|Any CPU
		Release|Any CPU = Release|Any CPU
	EndGlobalSection
	GlobalSection(ProjectConfigurationPlatforms) = postSolution
		{92E5377D-ECE3-0FF3-7592-25B7789CAA00}.Debug|Any CPU.ActiveCfg = Debug|Any CPU
		{92E5377D-ECE3-0FF3-7592-25B7789CAA00}.Debug|Any CPU.Build.0 = Debug|Any CPU
		{92E5377D-ECE3-0FF3-7592-25B7789CAA00}.Release|Any CPU.ActiveCfg = Release|Any CPU
		{92E5377D-ECE3-0FF3-7592-25B7789CAA00}.Release|Any CPU.Build.0 = Release|Any CPU
		{70650539-DE42-15D6-5929-9C1906575F11}.Debug|Any CPU.ActiveCfg = Debug|Any CPU
		{70650539-DE42-15D6-5929-9C1906575F11}.Debug|Any CPU.Build.0 = Debug|Any CPU
		{70650539-DE42-15D6-5929-9C1906575F11}.Release|Any CPU.ActiveCfg = Release|Any CPU
		{70650539-DE42-15D6-5929-9C1906575F11}.Release|Any CPU.Build.0 = Release|Any CPU
		{FD3B6A05-27FA-9424-CAC0-21A5538045B2}.Debug|Any CPU.ActiveCfg = Debug|Any CPU
		{FD3B6A05-27FA-9424-CAC0-21A5538045B2}.Debug|Any CPU.Build.0 = Debug|Any CPU
		{FD3B6A05-27FA-9424-CAC0-21A5538045B2}.Release|Any CPU.ActiveCfg = Release|Any CPU
		{FD3B6A05-27FA-9424-CAC0-21A5538045B2}.Release|Any CPU.Build.0 = Release|Any CPU
	EndGlobalSection
	GlobalSection(SolutionProperties) = preSolution
		HideSolutionNode = FALSE
	EndGlobalSection
												GlobalSection(MonoDevelopProperties) = preSolution
		StartupItem = Assembly-CSharp.csproj
		Policies = $0
		$0.TextStylePolicy = $1
		$1.inheritsSet = null
		$1.scope = text/x-csharp
		$0.CSharpFormattingPolicy = $2
		$2.inheritsSet = Mono
		$2.inheritsScope = text/x-csharp
		$2.scope = text/x-csharp
		$0.TextStylePolicy = $3
		$3.FileWidth = 120
		$3.TabWidth = 4
		$3.EolMarker = Unix
		$3.inheritsSet = Mono
		$3.inheritsScope = text/plain
		$3.scope = text/plain
	EndGlobalSection

EndGlobal
